
Microsoft Visual Studio Solution File, Format Version 12.00
# Visual Studio Version 17
VisualStudioVersion = 17.7.34024.191
MinimumVisualStudioVersion = 10.0.40219.1
Project("{FAE04EC0-301F-11D3-BF4B-00C04F79EFBC}") = "Sintesis_Voz", "Sintesis_Voz\Sintesis_Voz.csproj", "{72CB6D69-A076-4DC3-9B44-F743F2A20233}"
EndProject
Global
	GlobalSection(SolutionConfigurationPlatforms) = preSolution
		Debug|Any CPU = Debug|Any CPU
		Release|Any CPU = Release|Any CPU
	EndGlobalSection
	GlobalSection(ProjectConfigurationPlatforms) = postSolution
		{72CB6D69-A076-4DC3-9B44-F743F2A20233}.Debug|Any CPU.ActiveCfg = Debug|Any CPU
		{72CB6D69-A076-4DC3-9B44-F743F2A20233}.Debug|Any CPU.Build.0 = Debug|Any CPU
		{72CB6D69-A076-4DC3-9B44-F743F2A20233}.Release|Any CPU.ActiveCfg = Release|Any CPU
		{72CB6D69-A076-4DC3-9B44-F743F2A20233}.Release|Any CPU.Build.0 = Release|Any CPU
	EndGlobalSection
	GlobalSection(SolutionProperties) = preSolution
		HideSolutionNode = FALSE
	EndGlobalSection
	GlobalSection(ExtensibilityGlobals) = postSolution
		SolutionGuid = {B06274C6-1372-46C6-AC05-61990730E03E}
	EndGlobalSection
EndGlobal
